
Microsoft Visual Studio Solution File, Format Version 11.00
# Visual Studio 2010
Project("{FAE04EC0-301F-11D3-BF4B-00C04F79EFBC}") = "PhotonUnityNetworking.Utilities", "PhotonUnityNetworking.Utilities.csproj", "{9d19bd9f-f441-0e03-791b-85433918ea34}"
EndProject
Project("{FAE04EC0-301F-11D3-BF4B-00C04F79EFBC}") = "Assembly-CSharp", "Assembly-CSharp.csproj", "{65434f0b-1e0d-1e4e-1374-ec2d90451a8f}"
EndProject
Project("{FAE04EC0-301F-11D3-BF4B-00C04F79EFBC}") = "PhotonUnityNetworking.Demos", "PhotonUnityNetworking.Demos.csproj", "{98bb9072-b79a-e3d7-648d-70afe5c65fcc}"
EndProject
Project("{FAE04EC0-301F-11D3-BF4B-00C04F79EFBC}") = "PhotonUnityNetworking", "PhotonUnityNetworking.csproj", "{ccdbbc62-4766-6bdd-57f3-917899cda492}"
EndProject
Project("{FAE04EC0-301F-11D3-BF4B-00C04F79EFBC}") = "PhotonChat", "PhotonChat.csproj", "{bae3ee10-ea8a-6d89-7c6f-797d9808951e}"
EndProject
Project("{FAE04EC0-301F-11D3-BF4B-00C04F79EFBC}") = "PhotonRealtime", "PhotonRealtime.csproj", "{0318d4da-1446-131f-7a9c-54d4a75698bc}"
EndProject
Project("{FAE04EC0-301F-11D3-BF4B-00C04F79EFBC}") = "PhotonUnityNetworking.Editor", "PhotonUnityNetworking.Editor.csproj", "{fde1221c-7576-b54c-8c67-36d214935e38}"
EndProject
Project("{FAE04EC0-301F-11D3-BF4B-00C04F79EFBC}") = "PhotonUnityNetworking.Utilities.PhotonPlayer.Editor", "PhotonUnityNetworking.Utilities.PhotonPlayer.Editor.csproj", "{2b8f4385-8cc2-37e6-0e6b-99ee66c6f11e}"
EndProject
Project("{FAE04EC0-301F-11D3-BF4B-00C04F79EFBC}") = "Assembly-CSharp-Editor", "Assembly-CSharp-Editor.csproj", "{971ab484-7bdf-283f-e0a6-b8b9a1215ca4}"
EndProject
Project("{FAE04EC0-301F-11D3-BF4B-00C04F79EFBC}") = "PunDemos.DemoSlotcarEditor", "PunDemos.DemoSlotcarEditor.csproj", "{d9bbeb2a-13d8-27f7-842b-4c2312ad5346}"
EndProject
Project("{FAE04EC0-301F-11D3-BF4B-00C04F79EFBC}") = "PhotonUnityNetworking.Utilities.Culling.Editor", "PhotonUnityNetworking.Utilities.Culling.Editor.csproj", "{9ad06a72-5f3d-bfc7-5b18-7b1bc2bd6a9d}"
EndProject
Project("{FAE04EC0-301F-11D3-BF4B-00C04F79EFBC}") = "PunDemos.DemoHubEditor", "PunDemos.DemoHubEditor.csproj", "{f7597a98-c97e-08ed-f240-5e6c6ec7c682}"
EndProject
Global
	GlobalSection(SolutionConfigurationPlatforms) = preSolution
		Debug|Any CPU = Debug|Any CPU
	EndGlobalSection
	GlobalSection(ProjectConfigurationPlatforms) = postSolution
		{9d19bd9f-f441-0e03-791b-85433918ea34}.Debug|Any CPU.ActiveCfg = Debug|Any CPU
		{9d19bd9f-f441-0e03-791b-85433918ea34}.Debug|Any CPU.Build.0 = Debug|Any CPU
		{65434f0b-1e0d-1e4e-1374-ec2d90451a8f}.Debug|Any CPU.ActiveCfg = Debug|Any CPU
		{65434f0b-1e0d-1e4e-1374-ec2d90451a8f}.Debug|Any CPU.Build.0 = Debug|Any CPU
		{98bb9072-b79a-e3d7-648d-70afe5c65fcc}.Debug|Any CPU.ActiveCfg = Debug|Any CPU
		{98bb9072-b79a-e3d7-648d-70afe5c65fcc}.Debug|Any CPU.Build.0 = Debug|Any CPU
		{ccdbbc62-4766-6bdd-57f3-917899cda492}.Debug|Any CPU.ActiveCfg = Debug|Any CPU
		{ccdbbc62-4766-6bdd-57f3-917899cda492}.Debug|Any CPU.Build.0 = Debug|Any CPU
		{bae3ee10-ea8a-6d89-7c6f-797d9808951e}.Debug|Any CPU.ActiveCfg = Debug|Any CPU
		{bae3ee10-ea8a-6d89-7c6f-797d9808951e}.Debug|Any CPU.Build.0 = Debug|Any CPU
		{0318d4da-1446-131f-7a9c-54d4a75698bc}.Debug|Any CPU.ActiveCfg = Debug|Any CPU
		{0318d4da-1446-131f-7a9c-54d4a75698bc}.Debug|Any CPU.Build.0 = Debug|Any CPU
		{fde1221c-7576-b54c-8c67-36d214935e38}.Debug|Any CPU.ActiveCfg = Debug|Any CPU
		{fde1221c-7576-b54c-8c67-36d214935e38}.Debug|Any CPU.Build.0 = Debug|Any CPU
		{2b8f4385-8cc2-37e6-0e6b-99ee66c6f11e}.Debug|Any CPU.ActiveCfg = Debug|Any CPU
		{2b8f4385-8cc2-37e6-0e6b-99ee66c6f11e}.Debug|Any CPU.Build.0 = Debug|Any CPU
		{971ab484-7bdf-283f-e0a6-b8b9a1215ca4}.Debug|Any CPU.ActiveCfg = Debug|Any CPU
		{971ab484-7bdf-283f-e0a6-b8b9a1215ca4}.Debug|Any CPU.Build.0 = Debug|Any CPU
		{d9bbeb2a-13d8-27f7-842b-4c2312ad5346}.Debug|Any CPU.ActiveCfg = Debug|Any CPU
		{d9bbeb2a-13d8-27f7-842b-4c2312ad5346}.Debug|Any CPU.Build.0 = Debug|Any CPU
		{9ad06a72-5f3d-bfc7-5b18-7b1bc2bd6a9d}.Debug|Any CPU.ActiveCfg = Debug|Any CPU
		{9ad06a72-5f3d-bfc7-5b18-7b1bc2bd6a9d}.Debug|Any CPU.Build.0 = Debug|Any CPU
		{f7597a98-c97e-08ed-f240-5e6c6ec7c682}.Debug|Any CPU.ActiveCfg = Debug|Any CPU
		{f7597a98-c97e-08ed-f240-5e6c6ec7c682}.Debug|Any CPU.Build.0 = Debug|Any CPU
	EndGlobalSection
	GlobalSection(SolutionProperties) = preSolution
		HideSolutionNode = FALSE
	EndGlobalSection
EndGlobal
