
Microsoft Visual Studio Solution File, Format Version 12.00
# Visual Studio 15
Project("{FAE04EC0-301F-11D3-BF4B-00C04F79EFBC}") = "Assembly-CSharp", "Assembly-CSharp.csproj", "{8CA5FB7F-E371-9930-CD8B-58FF0236D514}"
EndProject
Project("{FAE04EC0-301F-11D3-BF4B-00C04F79EFBC}") = "Unity.2D.Tilemap.Extras", "Unity.2D.Tilemap.Extras.csproj", "{284E6EFD-5A9F-F672-A0A6-9F904DCB4218}"
EndProject
Project("{FAE04EC0-301F-11D3-BF4B-00C04F79EFBC}") = "PhotonUnityNetworking.Demos", "PhotonUnityNetworking.Demos.csproj", "{7A933082-0AB4-B617-9704-58C1FFF8B64A}"
EndProject
Project("{FAE04EC0-301F-11D3-BF4B-00C04F79EFBC}") = "PhotonUnityNetworking.Utilities", "PhotonUnityNetworking.Utilities.csproj", "{7F460913-77EB-0F41-2EA3-0A958DAFD2F4}"
EndProject
Project("{FAE04EC0-301F-11D3-BF4B-00C04F79EFBC}") = "PhotonChat", "PhotonChat.csproj", "{0F6FAA6E-7E5B-4C43-0E66-75751F8E395E}"
EndProject
Project("{FAE04EC0-301F-11D3-BF4B-00C04F79EFBC}") = "PhotonUnityNetworking", "PhotonUnityNetworking.csproj", "{7F0F58DE-708F-F758-0D93-5FBFB6011D83}"
EndProject
Project("{FAE04EC0-301F-11D3-BF4B-00C04F79EFBC}") = "PhotonRealtime", "PhotonRealtime.csproj", "{D38A5625-6D7E-871B-C586-FA2076F3177C}"
EndProject
Project("{FAE04EC0-301F-11D3-BF4B-00C04F79EFBC}") = "Unity.2D.Tilemap.Extras.Editor", "Unity.2D.Tilemap.Extras.Editor.csproj", "{EB1756C8-E62F-9854-79A7-F60AC187D2AF}"
EndProject
Project("{FAE04EC0-301F-11D3-BF4B-00C04F79EFBC}") = "Unity.2D.Tilemap.Extras.Placeholder.EditorTests", "Unity.2D.Tilemap.Extras.Placeholder.EditorTests.csproj", "{E1AE8927-A5EF-E743-BD51-02331B0CFC6B}"
EndProject
Project("{FAE04EC0-301F-11D3-BF4B-00C04F79EFBC}") = "PhotonUnityNetworking.Editor", "PhotonUnityNetworking.Editor.csproj", "{3E190149-4BEB-C6C9-1B2B-E6C04EAA6573}"
EndProject
Project("{FAE04EC0-301F-11D3-BF4B-00C04F79EFBC}") = "PunDemos.DemoSlotcarEditor", "PunDemos.DemoSlotcarEditor.csproj", "{E04E3BFE-4AAC-56F5-40CA-166835D9D7F5}"
EndProject
Project("{FAE04EC0-301F-11D3-BF4B-00C04F79EFBC}") = "PhotonUnityNetworking.Utilities.PhotonPlayer.Editor", "PhotonUnityNetworking.Utilities.PhotonPlayer.Editor.csproj", "{37BC70F5-A346-9DF7-DC00-F27A886D23E4}"
EndProject
Project("{FAE04EC0-301F-11D3-BF4B-00C04F79EFBC}") = "PhotonUnityNetworking.Utilities.Culling.Editor", "PhotonUnityNetworking.Utilities.Culling.Editor.csproj", "{6CF5994D-BCDD-3743-B85E-AFCFFEF69CCE}"
EndProject
Project("{FAE04EC0-301F-11D3-BF4B-00C04F79EFBC}") = "PunDemos.DemoHubEditor", "PunDemos.DemoHubEditor.csproj", "{2D189BF5-F1D3-BBF9-7423-A20D616657D8}"
EndProject
Global
	GlobalSection(SolutionConfigurationPlatforms) = preSolution
		Debug|Any CPU = Debug|Any CPU
		Release|Any CPU = Release|Any CPU
	EndGlobalSection
	GlobalSection(ProjectConfigurationPlatforms) = postSolution
		{8CA5FB7F-E371-9930-CD8B-58FF0236D514}.Debug|Any CPU.ActiveCfg = Debug|Any CPU
		{8CA5FB7F-E371-9930-CD8B-58FF0236D514}.Debug|Any CPU.Build.0 = Debug|Any CPU
		{8CA5FB7F-E371-9930-CD8B-58FF0236D514}.Release|Any CPU.ActiveCfg = Release|Any CPU
		{8CA5FB7F-E371-9930-CD8B-58FF0236D514}.Release|Any CPU.Build.0 = Release|Any CPU
		{284E6EFD-5A9F-F672-A0A6-9F904DCB4218}.Debug|Any CPU.ActiveCfg = Debug|Any CPU
		{284E6EFD-5A9F-F672-A0A6-9F904DCB4218}.Debug|Any CPU.Build.0 = Debug|Any CPU
		{284E6EFD-5A9F-F672-A0A6-9F904DCB4218}.Release|Any CPU.ActiveCfg = Release|Any CPU
		{284E6EFD-5A9F-F672-A0A6-9F904DCB4218}.Release|Any CPU.Build.0 = Release|Any CPU
		{7A933082-0AB4-B617-9704-58C1FFF8B64A}.Debug|Any CPU.ActiveCfg = Debug|Any CPU
		{7A933082-0AB4-B617-9704-58C1FFF8B64A}.Debug|Any CPU.Build.0 = Debug|Any CPU
		{7A933082-0AB4-B617-9704-58C1FFF8B64A}.Release|Any CPU.ActiveCfg = Release|Any CPU
		{7A933082-0AB4-B617-9704-58C1FFF8B64A}.Release|Any CPU.Build.0 = Release|Any CPU
		{7F460913-77EB-0F41-2EA3-0A958DAFD2F4}.Debug|Any CPU.ActiveCfg = Debug|Any CPU
		{7F460913-77EB-0F41-2EA3-0A958DAFD2F4}.Debug|Any CPU.Build.0 = Debug|Any CPU
		{7F460913-77EB-0F41-2EA3-0A958DAFD2F4}.Release|Any CPU.ActiveCfg = Release|Any CPU
		{7F460913-77EB-0F41-2EA3-0A958DAFD2F4}.Release|Any CPU.Build.0 = Release|Any CPU
		{0F6FAA6E-7E5B-4C43-0E66-75751F8E395E}.Debug|Any CPU.ActiveCfg = Debug|Any CPU
		{0F6FAA6E-7E5B-4C43-0E66-75751F8E395E}.Debug|Any CPU.Build.0 = Debug|Any CPU
		{0F6FAA6E-7E5B-4C43-0E66-75751F8E395E}.Release|Any CPU.ActiveCfg = Release|Any CPU
		{0F6FAA6E-7E5B-4C43-0E66-75751F8E395E}.Release|Any CPU.Build.0 = Release|Any CPU
		{7F0F58DE-708F-F758-0D93-5FBFB6011D83}.Debug|Any CPU.ActiveCfg = Debug|Any CPU
		{7F0F58DE-708F-F758-0D93-5FBFB6011D83}.Debug|Any CPU.Build.0 = Debug|Any CPU
		{7F0F58DE-708F-F758-0D93-5FBFB6011D83}.Release|Any CPU.ActiveCfg = Release|Any CPU
		{7F0F58DE-708F-F758-0D93-5FBFB6011D83}.Release|Any CPU.Build.0 = Release|Any CPU
		{D38A5625-6D7E-871B-C586-FA2076F3177C}.Debug|Any CPU.ActiveCfg = Debug|Any CPU
		{D38A5625-6D7E-871B-C586-FA2076F3177C}.Debug|Any CPU.Build.0 = Debug|Any CPU
		{D38A5625-6D7E-871B-C586-FA2076F3177C}.Release|Any CPU.ActiveCfg = Release|Any CPU
		{D38A5625-6D7E-871B-C586-FA2076F3177C}.Release|Any CPU.Build.0 = Release|Any CPU
		{EB1756C8-E62F-9854-79A7-F60AC187D2AF}.Debug|Any CPU.ActiveCfg = Debug|Any CPU
		{EB1756C8-E62F-9854-79A7-F60AC187D2AF}.Debug|Any CPU.Build.0 = Debug|Any CPU
		{EB1756C8-E62F-9854-79A7-F60AC187D2AF}.Release|Any CPU.ActiveCfg = Release|Any CPU
		{EB1756C8-E62F-9854-79A7-F60AC187D2AF}.Release|Any CPU.Build.0 = Release|Any CPU
		{E1AE8927-A5EF-E743-BD51-02331B0CFC6B}.Debug|Any CPU.ActiveCfg = Debug|Any CPU
		{E1AE8927-A5EF-E743-BD51-02331B0CFC6B}.Debug|Any CPU.Build.0 = Debug|Any CPU
		{E1AE8927-A5EF-E743-BD51-02331B0CFC6B}.Release|Any CPU.ActiveCfg = Release|Any CPU
		{E1AE8927-A5EF-E743-BD51-02331B0CFC6B}.Release|Any CPU.Build.0 = Release|Any CPU
		{3E190149-4BEB-C6C9-1B2B-E6C04EAA6573}.Debug|Any CPU.ActiveCfg = Debug|Any CPU
		{3E190149-4BEB-C6C9-1B2B-E6C04EAA6573}.Debug|Any CPU.Build.0 = Debug|Any CPU
		{3E190149-4BEB-C6C9-1B2B-E6C04EAA6573}.Release|Any CPU.ActiveCfg = Release|Any CPU
		{3E190149-4BEB-C6C9-1B2B-E6C04EAA6573}.Release|Any CPU.Build.0 = Release|Any CPU
		{E04E3BFE-4AAC-56F5-40CA-166835D9D7F5}.Debug|Any CPU.ActiveCfg = Debug|Any CPU
		{E04E3BFE-4AAC-56F5-40CA-166835D9D7F5}.Debug|Any CPU.Build.0 = Debug|Any CPU
		{E04E3BFE-4AAC-56F5-40CA-166835D9D7F5}.Release|Any CPU.ActiveCfg = Release|Any CPU
		{E04E3BFE-4AAC-56F5-40CA-166835D9D7F5}.Release|Any CPU.Build.0 = Release|Any CPU
		{37BC70F5-A346-9DF7-DC00-F27A886D23E4}.Debug|Any CPU.ActiveCfg = Debug|Any CPU
		{37BC70F5-A346-9DF7-DC00-F27A886D23E4}.Debug|Any CPU.Build.0 = Debug|Any CPU
		{37BC70F5-A346-9DF7-DC00-F27A886D23E4}.Release|Any CPU.ActiveCfg = Release|Any CPU
		{37BC70F5-A346-9DF7-DC00-F27A886D23E4}.Release|Any CPU.Build.0 = Release|Any CPU
		{6CF5994D-BCDD-3743-B85E-AFCFFEF69CCE}.Debug|Any CPU.ActiveCfg = Debug|Any CPU
		{6CF5994D-BCDD-3743-B85E-AFCFFEF69CCE}.Debug|Any CPU.Build.0 = Debug|Any CPU
		{6CF5994D-BCDD-3743-B85E-AFCFFEF69CCE}.Release|Any CPU.ActiveCfg = Release|Any CPU
		{6CF5994D-BCDD-3743-B85E-AFCFFEF69CCE}.Release|Any CPU.Build.0 = Release|Any CPU
		{2D189BF5-F1D3-BBF9-7423-A20D616657D8}.Debug|Any CPU.ActiveCfg = Debug|Any CPU
		{2D189BF5-F1D3-BBF9-7423-A20D616657D8}.Debug|Any CPU.Build.0 = Debug|Any CPU
		{2D189BF5-F1D3-BBF9-7423-A20D616657D8}.Release|Any CPU.ActiveCfg = Release|Any CPU
		{2D189BF5-F1D3-BBF9-7423-A20D616657D8}.Release|Any CPU.Build.0 = Release|Any CPU
	EndGlobalSection
	GlobalSection(SolutionProperties) = preSolution
		HideSolutionNode = FALSE
	EndGlobalSection
EndGlobal
